Microsoft Visual Studio Solution File, Format Version 7.00
Project("{8BC9CEB8-8B4A-11D0-8D11-00A0C91BC942}") = "PathPlannerApp", "PathPlannerApp.vcproj", "{43AB3CC3-0B00-4D8F-AD81-A830E556E830}"
EndProject
Global
	GlobalSection(SolutionConfiguration) = preSolution
		ConfigName.0 = Debug
		ConfigName.1 = Release
	EndGlobalSection
	GlobalSection(ProjectDependencies) = postSolution
	EndGlobalSection
	GlobalSection(ProjectConfiguration) = postSolution
		{43AB3CC3-0B00-4D8F-AD81-A830E556E830}.Debug.ActiveCfg = Debug|Win32
		{43AB3CC3-0B00-4D8F-AD81-A830E556E830}.Debug.Build.0 = Debug|Win32
		{43AB3CC3-0B00-4D8F-AD81-A830E556E830}.Release.ActiveCfg = Release|Win32
		{43AB3CC3-0B00-4D8F-AD81-A830E556E830}.Release.Build.0 = Release|Win32
	EndGlobalSection
	GlobalSection(ExtensibilityGlobals) = postSolution
	EndGlobalSection
	GlobalSection(ExtensibilityAddIns) = postSolution
	EndGlobalSection
EndGlobal
